// !$*UTF8*$!
{
	archiveVersion = 1;
	classes = {
	};
	objectVersion = 52;
	objects = {

/* Begin PBXBuildFile section */
		01E46326C12244436BD7B12B /* HomeRouter.swift in Sources */ = {isa = PBXBuildFile; fileRef = 604336A8A7E8E0F862B8EE1C /* HomeRouter.swift */; };
		027D950D0173449C1AC9B9E8 /* SlideTabAnimation.swift in Sources */ = {isa = PBXBuildFile; fileRef = 2222F48FE5BAF397188A489B /* SlideTabAnimation.swift */; };
		08D5DD56BB6DA50433F7F297 /* AppInteractor.swift in Sources */ = {isa = PBXBuildFile; fileRef = F9E569CA1070A7445973F7EA /* AppInteractor.swift */; };
		0DDEDFAB7187810F96E3F636 /* AnimationTabBarViewController.swift in Sources */ = {isa = PBXBuildFile; fileRef = 5998D84A46DF9376166D81DC /* AnimationTabBarViewController.swift */; };
		1029F2D22AF6906329618F69 /* SceneDelegate.swift in Sources */ = {isa = PBXBuildFile; fileRef = 02F5225A3E5305C541BC9A0C /* SceneDelegate.swift */; };
		10897BCB413AC341AC742440 /* Kingfisher in Frameworks */ = {isa = PBXBuildFile; productRef = E4BAD18F74CB97594B402FEA /* Kingfisher */; };
		14FB40FBBAC6EB3B78EEE81E /* AnimationTabBarEntity.swift in Sources */ = {isa = PBXBuildFile; fileRef = CD4700343F566B45E75A24E0 /* AnimationTabBarEntity.swift */; };
		171495B9BA3C06602C823A1F /* FadeTabAnimation.swift in Sources */ = {isa = PBXBuildFile; fileRef = ABF4FB2FE66BC00EFC3B85B2 /* FadeTabAnimation.swift */; };
		20336E2288C177A668B24177 /* AppPresenter.swift in Sources */ = {isa = PBXBuildFile; fileRef = 001141649EBA476B57FA5305 /* AppPresenter.swift */; };
		26F8B21D999A71A9EC1FC896 /* Assets.xcassets in Resources */ = {isa = PBXBuildFile; fileRef = 9F7F2B51108FFC05D5915758 /* Assets.xcassets */; };
		3F7A304B76CD02CF42E9B471 /* RandomRotationTabAnimation.swift in Sources */ = {isa = PBXBuildFile; fileRef = 8C02BC9DCDF511C3B44F6E2F /* RandomRotationTabAnimation.swift */; };
		44796B2482D48FA463B19844 /* LaunchScreen.storyboard in Resources */ = {isa = PBXBuildFile; fileRef = 6514B346626784714FF3175C /* LaunchScreen.storyboard */; };
		4A313AE0573236592829F7FF /* CustomTabBarPresenter.swift in Sources */ = {isa = PBXBuildFile; fileRef = 5A168EBFA1857F1706B98C3B /* CustomTabBarPresenter.swift */; };
		532E370AF43E26F74263EFB7 /* CustomTabBarRouter.swift in Sources */ = {isa = PBXBuildFile; fileRef = 8B7DE5A4A36ACB022F555D36 /* CustomTabBarRouter.swift */; };
		5A21215BE012DD59A3968ABC /* HomeInteractor.swift in Sources */ = {isa = PBXBuildFile; fileRef = 7721D630667199C8C85F297B /* HomeInteractor.swift */; };
		69638667D651F835523100E5 /* UIViewController+.swift in Sources */ = {isa = PBXBuildFile; fileRef = 3E53518578B9776EFF347C20 /* UIViewController+.swift */; };
		8635DF48388B8FA20233C3F8 /* CustomTabBarController.swift in Sources */ = {isa = PBXBuildFile; fileRef = 1356196570159A3BA3071394 /* CustomTabBarController.swift */; };
		902FAAE2E5BACF84431EBF5D /* ViewController.swift in Sources */ = {isa = PBXBuildFile; fileRef = E4254AFF2DF961109BF04BFA /* ViewController.swift */; };
		91EDC2F33088B24A440C7965 /* AppEntity.swift in Sources */ = {isa = PBXBuildFile; fileRef = 6ACA62564C517AD3ABB3E5DA /* AppEntity.swift */; };
		966395AD795A05114741D609 /* Log.swift in Sources */ = {isa = PBXBuildFile; fileRef = CCA7563C7F7AB74F82940407 /* Log.swift */; };
		AD29C62C047D077EB3BA9E25 /* AnimationTabBarPresenter.swift in Sources */ = {isa = PBXBuildFile; fileRef = 7E69E71EE9C6180EA20D4984 /* AnimationTabBarPresenter.swift */; };
		B5C4890D6A69903BC5F4AB99 /* AnimationTabBarRouter.swift in Sources */ = {isa = PBXBuildFile; fileRef = E07C8BAB70129D9CE26A336F /* AnimationTabBarRouter.swift */; };
		B665A38A2641155D00BA65CB /* CustomTabBar.swift in Sources */ = {isa = PBXBuildFile; fileRef = B665A3892641155D00BA65CB /* CustomTabBar.swift */; };
		B665A38E26412BAD00BA65CB /* CustomTabBarRepresentable.swift in Sources */ = {isa = PBXBuildFile; fileRef = B665A38D26412BAD00BA65CB /* CustomTabBarRepresentable.swift */; };
		BA20DCB9E01969ABF5E97382 /* HomeViewController.swift in Sources */ = {isa = PBXBuildFile; fileRef = 6A926F5DD60053153CB90C65 /* HomeViewController.swift */; };
		BAFC57B890E635B6261E5F4B /* CustomTabBarEntity.swift in Sources */ = {isa = PBXBuildFile; fileRef = A7064257D7960B5D6B0B76B8 /* CustomTabBarEntity.swift */; };
		C7D6BB3B05C7872FC67B6FFC /* AppRouter.swift in Sources */ = {isa = PBXBuildFile; fileRef = 133906811C3D32B6890E57A0 /* AppRouter.swift */; };
		C92F52EE13EE6ECC2C883D84 /* AppDelegate.swift in Sources */ = {isa = PBXBuildFile; fileRef = 60EE75CBAEF793E77C88B527 /* AppDelegate.swift */; };
		D5D663A2089E5F2D57B49E7F /* HomeEntity.swift in Sources */ = {isa = PBXBuildFile; fileRef = F4836544B5AE12C6E801323D /* HomeEntity.swift */; };
		D81B4653F7D0230F9A9D2D09 /* HomePresenter.swift in Sources */ = {isa = PBXBuildFile; fileRef = C4A21A2E39044E13BB877345 /* HomePresenter.swift */; };
		DD50198C37B305E8D321156A /* AnimationTabBarInteractor.swift in Sources */ = {isa = PBXBuildFile; fileRef = E303D27A8F041AA0F68BDA1F /* AnimationTabBarInteractor.swift */; };
		FAD1E6F8ABE0A5E73546E616 /* CustomTabBarInteractor.swift in Sources */ = {isa = PBXBuildFile; fileRef = 85040629080E8ACE73AB1603 /* CustomTabBarInteractor.swift */; };
/* End PBXBuildFile section */

/* Begin PBXFileReference section */
		001141649EBA476B57FA5305 /* AppPresenter.swift */ = {isa = PBXFileReference; lastKnownFileType = sourcecode.swift; path = AppPresenter.swift; sourceTree = "<group>"; };
		02F5225A3E5305C541BC9A0C /* SceneDelegate.swift */ = {isa = PBXFileReference; lastKnownFileType = sourcecode.swift; path = SceneDelegate.swift; sourceTree = "<group>"; };
		133906811C3D32B6890E57A0 /* AppRouter.swift */ = {isa = PBXFileReference; lastKnownFileType = sourcecode.swift; path = AppRouter.swift; sourceTree = "<group>"; };
		1356196570159A3BA3071394 /* CustomTabBarController.swift */ = {isa = PBXFileReference; lastKnownFileType = sourcecode.swift; path = CustomTabBarController.swift; sourceTree = "<group>"; };
		2222F48FE5BAF397188A489B /* SlideTabAnimation.swift */ = {isa = PBXFileReference; lastKnownFileType = sourcecode.swift; path = SlideTabAnimation.swift; sourceTree = "<group>"; };
		3E53518578B9776EFF347C20 /* UIViewController+.swift */ = {isa = PBXFileReference; lastKnownFileType = sourcecode.swift; path = "UIViewController+.swift"; sourceTree = "<group>"; };
		4A6BAAE3623C3C00791D7800 /* Info.plist */ = {isa = PBXFileReference; lastKnownFileType = text.plist; path = Info.plist; sourceTree = "<group>"; };
		5998D84A46DF9376166D81DC /* AnimationTabBarViewController.swift */ = {isa = PBXFileReference; lastKnownFileType = sourcecode.swift; path = AnimationTabBarViewController.swift; sourceTree = "<group>"; };
		5A168EBFA1857F1706B98C3B /* CustomTabBarPresenter.swift */ = {isa = PBXFileReference; lastKnownFileType = sourcecode.swift; path = CustomTabBarPresenter.swift; sourceTree = "<group>"; };
		5BB987C66E06F40539F739BA /* Base */ = {isa = PBXFileReference; lastKnownFileType = file.storyboard; name = Base; path = Base.lproj/LaunchScreen.storyboard; sourceTree = "<group>"; };
		604336A8A7E8E0F862B8EE1C /* HomeRouter.swift */ = {isa = PBXFileReference; lastKnownFileType = sourcecode.swift; path = HomeRouter.swift; sourceTree = "<group>"; };
		60EE75CBAEF793E77C88B527 /* AppDelegate.swift */ = {isa = PBXFileReference; lastKnownFileType = sourcecode.swift; path = AppDelegate.swift; sourceTree = "<group>"; };
		61DBE4BBD139472D32BF58BA /* SampleTabBarController.app */ = {isa = PBXFileReference; includeInIndex = 0; lastKnownFileType = wrapper.application; path = SampleTabBarController.app; sourceTree = BUILT_PRODUCTS_DIR; };
		6A926F5DD60053153CB90C65 /* HomeViewController.swift */ = {isa = PBXFileReference; lastKnownFileType = sourcecode.swift; path = HomeViewController.swift; sourceTree = "<group>"; };
		6ACA62564C517AD3ABB3E5DA /* AppEntity.swift */ = {isa = PBXFileReference; lastKnownFileType = sourcecode.swift; path = AppEntity.swift; sourceTree = "<group>"; };
		7721D630667199C8C85F297B /* HomeInteractor.swift */ = {isa = PBXFileReference; lastKnownFileType = sourcecode.swift; path = HomeInteractor.swift; sourceTree = "<group>"; };
		7E69E71EE9C6180EA20D4984 /* AnimationTabBarPresenter.swift */ = {isa = PBXFileReference; lastKnownFileType = sourcecode.swift; path = AnimationTabBarPresenter.swift; sourceTree = "<group>"; };
		85040629080E8ACE73AB1603 /* CustomTabBarInteractor.swift */ = {isa = PBXFileReference; lastKnownFileType = sourcecode.swift; path = CustomTabBarInteractor.swift; sourceTree = "<group>"; };
		8B7DE5A4A36ACB022F555D36 /* CustomTabBarRouter.swift */ = {isa = PBXFileReference; lastKnownFileType = sourcecode.swift; path = CustomTabBarRouter.swift; sourceTree = "<group>"; };
		8C02BC9DCDF511C3B44F6E2F /* RandomRotationTabAnimation.swift */ = {isa = PBXFileReference; lastKnownFileType = sourcecode.swift; path = RandomRotationTabAnimation.swift; sourceTree = "<group>"; };
		9F7F2B51108FFC05D5915758 /* Assets.xcassets */ = {isa = PBXFileReference; lastKnownFileType = folder.assetcatalog; path = Assets.xcassets; sourceTree = "<group>"; };
		A7064257D7960B5D6B0B76B8 /* CustomTabBarEntity.swift */ = {isa = PBXFileReference; lastKnownFileType = sourcecode.swift; path = CustomTabBarEntity.swift; sourceTree = "<group>"; };
		ABF4FB2FE66BC00EFC3B85B2 /* FadeTabAnimation.swift */ = {isa = PBXFileReference; lastKnownFileType = sourcecode.swift; path = FadeTabAnimation.swift; sourceTree = "<group>"; };
		B665A3892641155D00BA65CB /* CustomTabBar.swift */ = {isa = PBXFileReference; lastKnownFileType = sourcecode.swift; path = CustomTabBar.swift; sourceTree = "<group>"; };
		B665A38D26412BAD00BA65CB /* CustomTabBarRepresentable.swift */ = {isa = PBXFileReference; lastKnownFileType = sourcecode.swift; path = CustomTabBarRepresentable.swift; sourceTree = "<group>"; };
		C4A21A2E39044E13BB877345 /* HomePresenter.swift */ = {isa = PBXFileReference; lastKnownFileType = sourcecode.swift; path = HomePresenter.swift; sourceTree = "<group>"; };
		CCA7563C7F7AB74F82940407 /* Log.swift */ = {isa = PBXFileReference; lastKnownFileType = sourcecode.swift; path = Log.swift; sourceTree = "<group>"; };
		CD4700343F566B45E75A24E0 /* AnimationTabBarEntity.swift */ = {isa = PBXFileReference; lastKnownFileType = sourcecode.swift; path = AnimationTabBarEntity.swift; sourceTree = "<group>"; };
		E07C8BAB70129D9CE26A336F /* AnimationTabBarRouter.swift */ = {isa = PBXFileReference; lastKnownFileType = sourcecode.swift; path = AnimationTabBarRouter.swift; sourceTree = "<group>"; };
		E303D27A8F041AA0F68BDA1F /* AnimationTabBarInteractor.swift */ = {isa = PBXFileReference; lastKnownFileType = sourcecode.swift; path = AnimationTabBarInteractor.swift; sourceTree = "<group>"; };
		E4254AFF2DF961109BF04BFA /* ViewController.swift */ = {isa = PBXFileReference; lastKnownFileType = sourcecode.swift; path = ViewController.swift; sourceTree = "<group>"; };
		F4836544B5AE12C6E801323D /* HomeEntity.swift */ = {isa = PBXFileReference; lastKnownFileType = sourcecode.swift; path = HomeEntity.swift; sourceTree = "<group>"; };
		F9E569CA1070A7445973F7EA /* AppInteractor.swift */ = {isa = PBXFileReference; lastKnownFileType = sourcecode.swift; path = AppInteractor.swift; sourceTree = "<group>"; };
/* End PBXFileReference section */

/* Begin PBXFrameworksBuildPhase section */
		45A14137C8A6761C1167765D /* Frameworks */ = {
			isa = PBXFrameworksBuildPhase;
			buildActionMask = 2147483647;
			files = (
				10897BCB413AC341AC742440 /* Kingfisher in Frameworks */,
			);
			runOnlyForDeploymentPostprocessing = 0;
		};
/* End PBXFrameworksBuildPhase section */

/* Begin PBXGroup section */
		087E275AD561280061CF0F7D /* Interactor */ = {
			isa = PBXGroup;
			children = (
				7721D630667199C8C85F297B /* HomeInteractor.swift */,
			);
			path = Interactor;
			sourceTree = "<group>";
		};
		09C7878E94B4C7DA0845A174 /* Home */ = {
			isa = PBXGroup;
			children = (
				F603460E05F5FA9D937DC6A5 /* Entity */,
				087E275AD561280061CF0F7D /* Interactor */,
				30034CBBAEA7FF41210148D0 /* Presenter */,
				56C275AC1CDCA6A77E45DEC5 /* Router */,
				29348AB3FC59FE6EB2DD4CA5 /* View */,
			);
			path = Home;
			sourceTree = "<group>";
		};
		1589250DD4AA3CD13A72ACF8 /* Entity */ = {
			isa = PBXGroup;
			children = (
				6ACA62564C517AD3ABB3E5DA /* AppEntity.swift */,
			);
			path = Entity;
			sourceTree = "<group>";
		};
		2132482BFE2EA41533580780 /* Presenter */ = {
			isa = PBXGroup;
			children = (
				7E69E71EE9C6180EA20D4984 /* AnimationTabBarPresenter.swift */,
			);
			path = Presenter;
			sourceTree = "<group>";
		};
		2430D2B88E5E8C5D19E689F4 /* Interactor */ = {
			isa = PBXGroup;
			children = (
				E303D27A8F041AA0F68BDA1F /* AnimationTabBarInteractor.swift */,
			);
			path = Interactor;
			sourceTree = "<group>";
		};
		26439556FCDED82CB7691379 /* Router */ = {
			isa = PBXGroup;
			children = (
				E07C8BAB70129D9CE26A336F /* AnimationTabBarRouter.swift */,
			);
			path = Router;
			sourceTree = "<group>";
		};
		29348AB3FC59FE6EB2DD4CA5 /* View */ = {
			isa = PBXGroup;
			children = (
				6A926F5DD60053153CB90C65 /* HomeViewController.swift */,
			);
			path = View;
			sourceTree = "<group>";
		};
		30034CBBAEA7FF41210148D0 /* Presenter */ = {
			isa = PBXGroup;
			children = (
				C4A21A2E39044E13BB877345 /* HomePresenter.swift */,
			);
			path = Presenter;
			sourceTree = "<group>";
		};
		3B0557E87E602DF7FCE3D354 /* Interactor */ = {
			isa = PBXGroup;
			children = (
				F9E569CA1070A7445973F7EA /* AppInteractor.swift */,
			);
			path = Interactor;
			sourceTree = "<group>";
		};
		4200D5B79840751F0C2B6ED7 /* Products */ = {
			isa = PBXGroup;
			children = (
				61DBE4BBD139472D32BF58BA /* SampleTabBarController.app */,
			);
			name = Products;
			sourceTree = "<group>";
		};
		485C42176822B6B748486EAF /* View */ = {
			isa = PBXGroup;
			children = (
				5998D84A46DF9376166D81DC /* AnimationTabBarViewController.swift */,
				7766F00F6AB4C44C395DFCA5 /* TabAnimations */,
			);
			path = View;
			sourceTree = "<group>";
		};
		56C275AC1CDCA6A77E45DEC5 /* Router */ = {
			isa = PBXGroup;
			children = (
				604336A8A7E8E0F862B8EE1C /* HomeRouter.swift */,
			);
			path = Router;
			sourceTree = "<group>";
		};
		586A6FFB3823C9FE9D0EFAB6 /* Router */ = {
			isa = PBXGroup;
			children = (
				8B7DE5A4A36ACB022F555D36 /* CustomTabBarRouter.swift */,
			);
			path = Router;
			sourceTree = "<group>";
		};
		66819D32BF98A7A065ACB390 /* View */ = {
			isa = PBXGroup;
			children = (
				1356196570159A3BA3071394 /* CustomTabBarController.swift */,
				B665A3892641155D00BA65CB /* CustomTabBar.swift */,
				B665A38D26412BAD00BA65CB /* CustomTabBarRepresentable.swift */,
			);
			path = View;
			sourceTree = "<group>";
		};
		7766F00F6AB4C44C395DFCA5 /* TabAnimations */ = {
			isa = PBXGroup;
			children = (
				ABF4FB2FE66BC00EFC3B85B2 /* FadeTabAnimation.swift */,
				8C02BC9DCDF511C3B44F6E2F /* RandomRotationTabAnimation.swift */,
				2222F48FE5BAF397188A489B /* SlideTabAnimation.swift */,
			);
			path = TabAnimations;
			sourceTree = "<group>";
		};
		79D1305F24113A70FB67938E /* SampleTabBarController */ = {
			isa = PBXGroup;
			children = (
				60EE75CBAEF793E77C88B527 /* AppDelegate.swift */,
				9F7F2B51108FFC05D5915758 /* Assets.xcassets */,
				4A6BAAE3623C3C00791D7800 /* Info.plist */,
				6514B346626784714FF3175C /* LaunchScreen.storyboard */,
				02F5225A3E5305C541BC9A0C /* SceneDelegate.swift */,
				E4254AFF2DF961109BF04BFA /* ViewController.swift */,
				C0F81432942666D640D1EB9E /* AnimationTabBar */,
				FC23BE5838B2589472BB8813 /* App */,
				F66620D5580F65DB5789018D /* CustomTabBar */,
				917B4F5CF8736D4F01E2869E /* Extension */,
				93DB620D4B64F46A24E242D5 /* Helper */,
				09C7878E94B4C7DA0845A174 /* Home */,
			);
			path = SampleTabBarController;
			sourceTree = "<group>";
		};
		87C9C8181285784E798202EE /* Entity */ = {
			isa = PBXGroup;
			children = (
				A7064257D7960B5D6B0B76B8 /* CustomTabBarEntity.swift */,
			);
			path = Entity;
			sourceTree = "<group>";
		};
		917B4F5CF8736D4F01E2869E /* Extension */ = {
			isa = PBXGroup;
			children = (
				3E53518578B9776EFF347C20 /* UIViewController+.swift */,
			);
			path = Extension;
			sourceTree = "<group>";
		};
		93DB620D4B64F46A24E242D5 /* Helper */ = {
			isa = PBXGroup;
			children = (
				CCA7563C7F7AB74F82940407 /* Log.swift */,
			);
			path = Helper;
			sourceTree = "<group>";
		};
		B9E66513717593A54593DA40 = {
			isa = PBXGroup;
			children = (
				79D1305F24113A70FB67938E /* SampleTabBarController */,
				4200D5B79840751F0C2B6ED7 /* Products */,
			);
			sourceTree = "<group>";
		};
		C0F81432942666D640D1EB9E /* AnimationTabBar */ = {
			isa = PBXGroup;
			children = (
				C9F9DAE9BA543E0CF1CBE6DD /* Entity */,
				2430D2B88E5E8C5D19E689F4 /* Interactor */,
				2132482BFE2EA41533580780 /* Presenter */,
				26439556FCDED82CB7691379 /* Router */,
				485C42176822B6B748486EAF /* View */,
			);
			path = AnimationTabBar;
			sourceTree = "<group>";
		};
		C9F9DAE9BA543E0CF1CBE6DD /* Entity */ = {
			isa = PBXGroup;
			children = (
				CD4700343F566B45E75A24E0 /* AnimationTabBarEntity.swift */,
			);
			path = Entity;
			sourceTree = "<group>";
		};
		E0029C76576231B3DA7E5D56 /* Router */ = {
			isa = PBXGroup;
			children = (
				133906811C3D32B6890E57A0 /* AppRouter.swift */,
			);
			path = Router;
			sourceTree = "<group>";
		};
		E7F1223F0C2022698AF99518 /* Presenter */ = {
			isa = PBXGroup;
			children = (
				001141649EBA476B57FA5305 /* AppPresenter.swift */,
			);
			path = Presenter;
			sourceTree = "<group>";
		};
		F4B946954AE07F3964C2E277 /* Interactor */ = {
			isa = PBXGroup;
			children = (
				85040629080E8ACE73AB1603 /* CustomTabBarInteractor.swift */,
			);
			path = Interactor;
			sourceTree = "<group>";
		};
		F603460E05F5FA9D937DC6A5 /* Entity */ = {
			isa = PBXGroup;
			children = (
				F4836544B5AE12C6E801323D /* HomeEntity.swift */,
			);
			path = Entity;
			sourceTree = "<group>";
		};
		F66620D5580F65DB5789018D /* CustomTabBar */ = {
			isa = PBXGroup;
			children = (
				87C9C8181285784E798202EE /* Entity */,
				F4B946954AE07F3964C2E277 /* Interactor */,
				FB60EBE304950494FB8D5F9C /* Presenter */,
				586A6FFB3823C9FE9D0EFAB6 /* Router */,
				66819D32BF98A7A065ACB390 /* View */,
			);
			path = CustomTabBar;
			sourceTree = "<group>";
		};
		FB60EBE304950494FB8D5F9C /* Presenter */ = {
			isa = PBXGroup;
			children = (
				5A168EBFA1857F1706B98C3B /* CustomTabBarPresenter.swift */,
			);
			path = Presenter;
			sourceTree = "<group>";
		};
		FC23BE5838B2589472BB8813 /* App */ = {
			isa = PBXGroup;
			children = (
				1589250DD4AA3CD13A72ACF8 /* Entity */,
				3B0557E87E602DF7FCE3D354 /* Interactor */,
				E7F1223F0C2022698AF99518 /* Presenter */,
				E0029C76576231B3DA7E5D56 /* Router */,
			);
			path = App;
			sourceTree = "<group>";
		};
/* End PBXGroup section */

/* Begin PBXNativeTarget section */
		976D4CD29642EC657566B187 /* SampleTabBarController */ = {
			isa = PBXNativeTarget;
			buildConfigurationList = 58A8DFCDA8549D6F8C0818A8 /* Build configuration list for PBXNativeTarget "SampleTabBarController" */;
			buildPhases = (
				5E10DDEADA103AB696E9772A /* Sources */,
				62DB30346BB936B5AA45F4D3 /* Resources */,
				45A14137C8A6761C1167765D /* Frameworks */,
			);
			buildRules = (
			);
			dependencies = (
			);
			name = SampleTabBarController;
			packageProductDependencies = (
				E4BAD18F74CB97594B402FEA /* Kingfisher */,
			);
			productName = SampleTabBarController;
			productReference = 61DBE4BBD139472D32BF58BA /* SampleTabBarController.app */;
			productType = "com.apple.product-type.application";
		};
/* End PBXNativeTarget section */

/* Begin PBXProject section */
		7BED5F432509280C85C7A3EF /* Project object */ = {
			isa = PBXProject;
			attributes = {
				LastUpgradeCheck = 1200;
			};
			buildConfigurationList = CC83D14021496678BD5114A0 /* Build configuration list for PBXProject "SampleTabBarController" */;
			compatibilityVersion = "Xcode 10.0";
			developmentRegion = en;
			hasScannedForEncodings = 0;
			knownRegions = (
				Base,
				en,
			);
			mainGroup = B9E66513717593A54593DA40;
			packageReferences = (
				49EBD2EE9588FBEF2BD941C5 /* XCRemoteSwiftPackageReference "Kingfisher" */,
			);
			projectDirPath = "";
			projectRoot = "";
			targets = (
				976D4CD29642EC657566B187 /* SampleTabBarController */,
			);
		};
/* End PBXProject section */

/* Begin PBXResourcesBuildPhase section */
		62DB30346BB936B5AA45F4D3 /* Resources */ = {
			isa = PBXResourcesBuildPhase;
			buildActionMask = 2147483647;
			files = (
				26F8B21D999A71A9EC1FC896 /* Assets.xcassets in Resources */,
				44796B2482D48FA463B19844 /* LaunchScreen.storyboard in Resources */,
			);
			runOnlyForDeploymentPostprocessing = 0;
		};
/* End PBXResourcesBuildPhase section */

/* Begin PBXSourcesBuildPhase section */
		5E10DDEADA103AB696E9772A /* Sources */ = {
			isa = PBXSourcesBuildPhase;
			buildActionMask = 2147483647;
			files = (
				14FB40FBBAC6EB3B78EEE81E /* AnimationTabBarEntity.swift in Sources */,
				DD50198C37B305E8D321156A /* AnimationTabBarInteractor.swift in Sources */,
				AD29C62C047D077EB3BA9E25 /* AnimationTabBarPresenter.swift in Sources */,
				B5C4890D6A69903BC5F4AB99 /* AnimationTabBarRouter.swift in Sources */,
				0DDEDFAB7187810F96E3F636 /* AnimationTabBarViewController.swift in Sources */,
				C92F52EE13EE6ECC2C883D84 /* AppDelegate.swift in Sources */,
				91EDC2F33088B24A440C7965 /* AppEntity.swift in Sources */,
				08D5DD56BB6DA50433F7F297 /* AppInteractor.swift in Sources */,
				20336E2288C177A668B24177 /* AppPresenter.swift in Sources */,
				C7D6BB3B05C7872FC67B6FFC /* AppRouter.swift in Sources */,
				BAFC57B890E635B6261E5F4B /* CustomTabBarEntity.swift in Sources */,
				FAD1E6F8ABE0A5E73546E616 /* CustomTabBarInteractor.swift in Sources */,
				4A313AE0573236592829F7FF /* CustomTabBarPresenter.swift in Sources */,
				532E370AF43E26F74263EFB7 /* CustomTabBarRouter.swift in Sources */,
				8635DF48388B8FA20233C3F8 /* CustomTabBarController.swift in Sources */,
				171495B9BA3C06602C823A1F /* FadeTabAnimation.swift in Sources */,
				B665A38A2641155D00BA65CB /* CustomTabBar.swift in Sources */,
				D5D663A2089E5F2D57B49E7F /* HomeEntity.swift in Sources */,
				5A21215BE012DD59A3968ABC /* HomeInteractor.swift in Sources */,
				B665A38E26412BAD00BA65CB /* CustomTabBarRepresentable.swift in Sources */,
				D81B4653F7D0230F9A9D2D09 /* HomePresenter.swift in Sources */,
				01E46326C12244436BD7B12B /* HomeRouter.swift in Sources */,
				BA20DCB9E01969ABF5E97382 /* HomeViewController.swift in Sources */,
				966395AD795A05114741D609 /* Log.swift in Sources */,
				3F7A304B76CD02CF42E9B471 /* RandomRotationTabAnimation.swift in Sources */,
				1029F2D22AF6906329618F69 /* SceneDelegate.swift in Sources */,
				027D950D0173449C1AC9B9E8 /* SlideTabAnimation.swift in Sources */,
				69638667D651F835523100E5 /* UIViewController+.swift in Sources */,
				902FAAE2E5BACF84431EBF5D /* ViewController.swift in Sources */,
			);
			runOnlyForDeploymentPostprocessing = 0;
		};
/* End PBXSourcesBuildPhase section */

/* Begin PBXVariantGroup section */
		6514B346626784714FF3175C /* LaunchScreen.storyboard */ = {
			isa = PBXVariantGroup;
			children = (
				5BB987C66E06F40539F739BA /* Base */,
			);
			name = LaunchScreen.storyboard;
			sourceTree = "<group>";
		};
/* End PBXVariantGroup section */

/* Begin XCBuildConfiguration section */
		7D8E446A163F8B7D31934089 /* Debug */ = {
			isa = XCBuildConfiguration;
			buildSettings = {
				ASSETCATALOG_COMPILER_APPICON_NAME = AppIcon;
				CODE_SIGN_IDENTITY = "iPhone Developer";
				INFOPLIST_FILE = SampleTabBarController/Info.plist;
				LD_RUNPATH_SEARCH_PATHS = (
					"$(inherited)",
					"@executable_path/Frameworks",
				);
				PRODUCT_BUNDLE_IDENTIFIER = com.sakiyamaK.SampleTabBarController;
				SDKROOT = iphoneos;
				TARGETED_DEVICE_FAMILY = "1,2";
			};
			name = Debug;
		};
		CA08A6BE3747CB58B81176CC /* Release */ = {
			isa = XCBuildConfiguration;
			buildSettings = {
				ALWAYS_SEARCH_USER_PATHS = NO;
				CLANG_ANALYZER_NONNULL = YES;
				CLANG_ANALYZER_NUMBER_OBJECT_CONVERSION = YES_AGGRESSIVE;
				CLANG_CXX_LANGUAGE_STANDARD = "gnu++14";
				CLANG_CXX_LIBRARY = "libc++";
				CLANG_ENABLE_MODULES = YES;
				CLANG_ENABLE_OBJC_ARC = YES;
				CLANG_ENABLE_OBJC_WEAK = YES;
				CLANG_WARN_BLOCK_CAPTURE_AUTORELEASING = YES;
				CLANG_WARN_BOOL_CONVERSION = YES;
				CLANG_WARN_COMMA = YES;
				CLANG_WARN_CONSTANT_CONVERSION = YES;
				CLANG_WARN_DEPRECATED_OBJC_IMPLEMENTATIONS = YES;
				CLANG_WARN_DIRECT_OBJC_ISA_USAGE = YES_ERROR;
				CLANG_WARN_DOCUMENTATION_COMMENTS = YES;
				CLANG_WARN_EMPTY_BODY = YES;
				CLANG_WARN_ENUM_CONVERSION = YES;
				CLANG_WARN_INFINITE_RECURSION = YES;
				CLANG_WARN_INT_CONVERSION = YES;
				CLANG_WARN_NON_LITERAL_NULL_CONVERSION = YES;
				CLANG_WARN_OBJC_IMPLICIT_RETAIN_SELF = YES;
				CLANG_WARN_OBJC_LITERAL_CONVERSION = YES;
				CLANG_WARN_OBJC_ROOT_CLASS = YES_ERROR;
				CLANG_WARN_QUOTED_INCLUDE_IN_FRAMEWORK_HEADER = YES;
				CLANG_WARN_RANGE_LOOP_ANALYSIS = YES;
				CLANG_WARN_STRICT_PROTOTYPES = YES;
				CLANG_WARN_SUSPICIOUS_MOVE = YES;
				CLANG_WARN_UNGUARDED_AVAILABILITY = YES_AGGRESSIVE;
				CLANG_WARN_UNREACHABLE_CODE = YES;
				CLANG_WARN__DUPLICATE_METHOD_MATCH = YES;
				COPY_PHASE_STRIP = NO;
				DEBUG_INFORMATION_FORMAT = "dwarf-with-dsym";
				ENABLE_NS_ASSERTIONS = NO;
				ENABLE_STRICT_OBJC_MSGSEND = YES;
				GCC_C_LANGUAGE_STANDARD = gnu11;
				GCC_NO_COMMON_BLOCKS = YES;
				GCC_WARN_64_TO_32_BIT_CONVERSION = YES;
				GCC_WARN_ABOUT_RETURN_TYPE = YES_ERROR;
				GCC_WARN_UNDECLARED_SELECTOR = YES;
				GCC_WARN_UNINITIALIZED_AUTOS = YES_AGGRESSIVE;
				GCC_WARN_UNUSED_FUNCTION = YES;
				GCC_WARN_UNUSED_VARIABLE = YES;
				IPHONEOS_DEPLOYMENT_TARGET = 13.0;
				MTL_ENABLE_DEBUG_INFO = NO;
				MTL_FAST_MATH = YES;
				PRODUCT_NAME = "$(TARGET_NAME)";
				SDKROOT = iphoneos;
				SWIFT_COMPILATION_MODE = wholemodule;
				SWIFT_OPTIMIZATION_LEVEL = "-O";
				SWIFT_VERSION = 5.0;
			};
			name = Release;
		};
		CED44B3E33465ACC7D18D258 /* Release */ = {
			isa = XCBuildConfiguration;
			buildSettings = {
				ASSETCATALOG_COMPILER_APPICON_NAME = AppIcon;
				CODE_SIGN_IDENTITY = "iPhone Developer";
				INFOPLIST_FILE = SampleTabBarController/Info.plist;
				LD_RUNPATH_SEARCH_PATHS = (
					"$(inherited)",
					"@executable_path/Frameworks",
				);
				PRODUCT_BUNDLE_IDENTIFIER = com.sakiyamaK.SampleTabBarController;
				SDKROOT = iphoneos;
				TARGETED_DEVICE_FAMILY = "1,2";
			};
			name = Release;
		};
		E50A76ACF704FC6A0C7EEF20 /* Debug */ = {
			isa = XCBuildConfiguration;
			buildSettings = {
				ALWAYS_SEARCH_USER_PATHS = NO;
				CLANG_ANALYZER_NONNULL = YES;
				CLANG_ANALYZER_NUMBER_OBJECT_CONVERSION = YES_AGGRESSIVE;
				CLANG_CXX_LANGUAGE_STANDARD = "gnu++14";
				CLANG_CXX_LIBRARY = "libc++";
				CLANG_ENABLE_MODULES = YES;
				CLANG_ENABLE_OBJC_ARC = YES;
				CLANG_ENABLE_OBJC_WEAK = YES;
				CLANG_WARN_BLOCK_CAPTURE_AUTORELEASING = YES;
				CLANG_WARN_BOOL_CONVERSION = YES;
				CLANG_WARN_COMMA = YES;
				CLANG_WARN_CONSTANT_CONVERSION = YES;
				CLANG_WARN_DEPRECATED_OBJC_IMPLEMENTATIONS = YES;
				CLANG_WARN_DIRECT_OBJC_ISA_USAGE = YES_ERROR;
				CLANG_WARN_DOCUMENTATION_COMMENTS = YES;
				CLANG_WARN_EMPTY_BODY = YES;
				CLANG_WARN_ENUM_CONVERSION = YES;
				CLANG_WARN_INFINITE_RECURSION = YES;
				CLANG_WARN_INT_CONVERSION = YES;
				CLANG_WARN_NON_LITERAL_NULL_CONVERSION = YES;
				CLANG_WARN_OBJC_IMPLICIT_RETAIN_SELF = YES;
				CLANG_WARN_OBJC_LITERAL_CONVERSION = YES;
				CLANG_WARN_OBJC_ROOT_CLASS = YES_ERROR;
				CLANG_WARN_QUOTED_INCLUDE_IN_FRAMEWORK_HEADER = YES;
				CLANG_WARN_RANGE_LOOP_ANALYSIS = YES;
				CLANG_WARN_STRICT_PROTOTYPES = YES;
				CLANG_WARN_SUSPICIOUS_MOVE = YES;
				CLANG_WARN_UNGUARDED_AVAILABILITY = YES_AGGRESSIVE;
				CLANG_WARN_UNREACHABLE_CODE = YES;
				CLANG_WARN__DUPLICATE_METHOD_MATCH = YES;
				COPY_PHASE_STRIP = NO;
				DEBUG_INFORMATION_FORMAT = dwarf;
				ENABLE_STRICT_OBJC_MSGSEND = YES;
				ENABLE_TESTABILITY = YES;
				GCC_C_LANGUAGE_STANDARD = gnu11;
				GCC_DYNAMIC_NO_PIC = NO;
				GCC_NO_COMMON_BLOCKS = YES;
				GCC_OPTIMIZATION_LEVEL = 0;
				GCC_PREPROCESSOR_DEFINITIONS = (
					"$(inherited)",
					"DEBUG=1",
				);
				GCC_WARN_64_TO_32_BIT_CONVERSION = YES;
				GCC_WARN_ABOUT_RETURN_TYPE = YES_ERROR;
				GCC_WARN_UNDECLARED_SELECTOR = YES;
				GCC_WARN_UNINITIALIZED_AUTOS = YES_AGGRESSIVE;
				GCC_WARN_UNUSED_FUNCTION = YES;
				GCC_WARN_UNUSED_VARIABLE = YES;
				IPHONEOS_DEPLOYMENT_TARGET = 13.0;
				MTL_ENABLE_DEBUG_INFO = INCLUDE_SOURCE;
				MTL_FAST_MATH = YES;
				ONLY_ACTIVE_ARCH = YES;
				PRODUCT_NAME = "$(TARGET_NAME)";
				SDKROOT = iphoneos;
				SWIFT_ACTIVE_COMPILATION_CONDITIONS = DEBUG;
				SWIFT_OPTIMIZATION_LEVEL = "-Onone";
				SWIFT_VERSION = 5.0;
			};
			name = Debug;
		};
/* End XCBuildConfiguration section */

/* Begin XCConfigurationList section */
		58A8DFCDA8549D6F8C0818A8 /* Build configuration list for PBXNativeTarget "SampleTabBarController" */ = {
			isa = XCConfigurationList;
			buildConfigurations = (
				7D8E446A163F8B7D31934089 /* Debug */,
				CED44B3E33465ACC7D18D258 /* Release */,
			);
			defaultConfigurationIsVisible = 0;
			defaultConfigurationName = Debug;
		};
		CC83D14021496678BD5114A0 /* Build configuration list for PBXProject "SampleTabBarController" */ = {
			isa = XCConfigurationList;
			buildConfigurations = (
				E50A76ACF704FC6A0C7EEF20 /* Debug */,
				CA08A6BE3747CB58B81176CC /* Release */,
			);
			defaultConfigurationIsVisible = 0;
			defaultConfigurationName = Debug;
		};
/* End XCConfigurationList section */

/* Begin XCRemoteSwiftPackageReference section */
		49EBD2EE9588FBEF2BD941C5 /* XCRemoteSwiftPackageReference "Kingfisher" */ = {
			isa = XCRemoteSwiftPackageReference;
			repositoryURL = "https://github.com/onevcat/Kingfisher";
			requirement = {
				kind = upToNextMajorVersion;
				minimumVersion = 6.3.0;
			};
		};
/* End XCRemoteSwiftPackageReference section */

/* Begin XCSwiftPackageProductDependency section */
		E4BAD18F74CB97594B402FEA /* Kingfisher */ = {
			isa = XCSwiftPackageProductDependency;
			package = 49EBD2EE9588FBEF2BD941C5 /* XCRemoteSwiftPackageReference "Kingfisher" */;
			productName = Kingfisher;
		};
/* End XCSwiftPackageProductDependency section */
	};
	rootObject = 7BED5F432509280C85C7A3EF /* Project object */;
}
